<?xml version="1.0" encoding="utf-8"?>
<Project ToolsVersion="4.0" xmlns="http://schemas.microsoft.com/developer/msbuild/2003">
  <ItemGroup>
    <ClCompile Include="App\App.cpp">
      <Filter>App</Filter>
    </ClCompile>
    <ClCompile Include="App\AppBase.cpp">
      <Filter>App</Filter>
    </ClCompile>
    <ClCompile Include="App\AppKeyHandler.cpp">
      <Filter>App</Filter>
    </ClCompile>
    <ClCompile Include="..\Common\Graphics\BarSeries.cpp">
      <Filter>Common\Graphics</Filter>
    </ClCompile>
    <ClCompile Include="..\Common\Graphics\Chart.cpp">
      <Filter>Common\Graphics</Filter>
    </ClCompile>
    <ClCompile Include="..\Common\Graphics\ColorLabel.cpp">
      <Filter>Common\Graphics</Filter>
    </ClCompile>
    <ClCompile Include="Windows\Viewers\CrossViewer.cpp">
      <Filter>Windows\Viewers</Filter>
    </ClCompile>
    <ClCompile Include="..\Common\tools_debug\DebugMess.cpp">
      <Filter>Common\tools_debug</Filter>
    </ClCompile>
    <ClCompile Include="..\Common\Graphics\EmptyLeftAxes.cpp">
      <Filter>Common\Graphics</Filter>
    </ClCompile>
    <ClCompile Include="..\Common\window_tool\EmptyWindow.cpp">
      <Filter>Common\window_tool</Filter>
    </ClCompile>
    <ClCompile Include="..\Common\Graphics\FixedGridSeries.cpp">
      <Filter>Common\Graphics</Filter>
    </ClCompile>
    <ClCompile Include="..\Common\Graphics\GridChart.cpp">
      <Filter>Common\Graphics</Filter>
    </ClCompile>
    <ClCompile Include="..\Common\window_tool\HookKey.cpp">
      <Filter>Common\window_tool</Filter>
    </ClCompile>
    <ClCompile Include="Windows\Viewers\LongViewer.cpp">
      <Filter>Windows\Viewers</Filter>
    </ClCompile>
    <ClCompile Include="Windows\MainWindow\MainWindow.cpp">
      <Filter>Windows\MainWindow</Filter>
    </ClCompile>
    <ClCompile Include="Windows\MainWindow\MainWindowToolBar.cpp">
      <Filter>Windows\MainWindow</Filter>
    </ClCompile>
    <ClCompile Include="..\Common\window_tool\MenuAPI.cpp">
      <Filter>Common\window_tool</Filter>
    </ClCompile>
    <ClCompile Include="..\Common\dialogs_tool\ParamDlg.cpp">
      <Filter>dialogs_tool</Filter>
    </ClCompile>
    <ClCompile Include="..\Common\window_tool\Pass.cpp">
      <Filter>Common\window_tool</Filter>
    </ClCompile>
    <ClCompile Include="main.cpp">
      <Filter>Source</Filter>
    </ClCompile>
    <ClCompile Include="Windows\Viewers\ResultViewer.cpp">
      <Filter>Windows\Viewers</Filter>
    </ClCompile>
    <ClCompile Include="App\SelectHandler.cpp">
      <Filter>App</Filter>
    </ClCompile>
    <ClCompile Include="..\Common\window_tool\SelectTypeSizeList.cpp">
      <Filter>Common\window_tool</Filter>
    </ClCompile>
    <ClCompile Include="stdafx.cpp">
      <Filter>Source</Filter>
    </ClCompile>
    <ClCompile Include="Windows\Viewers\ThickViewer.cpp">
      <Filter>Windows\Viewers</Filter>
    </ClCompile>
    <ClCompile Include="Windows\TopLabel\TopLabelViewer.cpp">
      <Filter>Windows\TopLabel</Filter>
    </ClCompile>
    <ClCompile Include="Windows\Dialogs\TypeSizeDlg.cpp">
      <Filter>Windows\Dialogs</Filter>
    </ClCompile>
    <ClCompile Include="Windows\Viewers\Viewer.cpp">
      <Filter>Windows\Viewers</Filter>
    </ClCompile>
  </ItemGroup>
  <ItemGroup>
    <ClInclude Include="App\App.h">
      <Filter>App</Filter>
    </ClInclude>
    <ClInclude Include="App\AppBase.h">
      <Filter>App</Filter>
    </ClInclude>
    <ClInclude Include="App\AppKeyHandler.h">
      <Filter>App</Filter>
    </ClInclude>
    <ClInclude Include="..\Common\Graphics\BarSeries.h">
      <Filter>Common\Graphics</Filter>
    </ClInclude>
    <ClInclude Include="..\Common\Base\Base.hpp">
      <Filter>Base</Filter>
    </ClInclude>
    <ClInclude Include="..\Common\Graphics\Chart.h">
      <Filter>Common\Graphics</Filter>
    </ClInclude>
    <ClInclude Include="..\Common\Graphics\Chart.hpp">
      <Filter>Common\Graphics</Filter>
    </ClInclude>
    <ClInclude Include="..\Common\window_tool\CheckBoxWidget.h">
      <Filter>Common\window_tool</Filter>
    </ClInclude>
    <ClInclude Include="..\Common\Graphics\ColorLabel.h">
      <Filter>Common\Graphics</Filter>
    </ClInclude>
    <ClInclude Include="Windows\Common.hpp">
      <Filter>Windows</Filter>
    </ClInclude>
    <ClInclude Include="App\Config.h">
      <Filter>App</Filter>
    </ClInclude>
    <ClInclude Include="Windows\Viewers\CrossViewer.h">
      <Filter>Windows\Viewers</Filter>
    </ClInclude>
    <ClInclude Include="..\Common\tools_debug\DebugMess.h">
      <Filter>Common\tools_debug</Filter>
    </ClInclude>
    <ClInclude Include="Windows\Dialogs\Dialogs.h">
      <Filter>Windows\Dialogs</Filter>
    </ClInclude>
    <ClInclude Include="..\Common\Graphics\EmptyLeftAxes.h">
      <Filter>Common\Graphics</Filter>
    </ClInclude>
    <ClInclude Include="..\Common\window_tool\Emptywindow.h">
      <Filter>Common\window_tool</Filter>
    </ClInclude>
    <ClInclude Include="..\Common\Base\ExpressBase.hpp">
      <Filter>Base</Filter>
    </ClInclude>
    <ClInclude Include="..\Common\Graphics\FixedGridSeries.h">
      <Filter>Common\Graphics</Filter>
    </ClInclude>
    <ClInclude Include="..\Common\Graphics\GridChart.h">
      <Filter>Common\Graphics</Filter>
    </ClInclude>
    <ClInclude Include="..\Common\window_tool\HookKey.h">
      <Filter>Common\window_tool</Filter>
    </ClInclude>
    <ClInclude Include="..\Common\window_tool\InitToolbar.hpp">
      <Filter>Common\window_tool</Filter>
    </ClInclude>
    <ClInclude Include="Windows\Viewers\LongViewer.h">
      <Filter>Windows\Viewers</Filter>
    </ClInclude>
    <ClInclude Include="Windows\MainWindow\MainWindowToolBar.h">
      <Filter>Windows\MainWindow</Filter>
    </ClInclude>
    <ClInclude Include="Windows\MainWindow\MainWindow.h">
      <Filter>Windows\MainWindow</Filter>
    </ClInclude>
    <ClInclude Include="Windows\MainWindow\MainWindowMenu.hpp">
      <Filter>Windows\MainWindow</Filter>
    </ClInclude>
    <ClInclude Include="..\Common\window_tool\MenuAPI.h">
      <Filter>Common\window_tool</Filter>
    </ClInclude>
    <ClInclude Include="..\Common\window_tool\message.h">
      <Filter>Common\window_tool</Filter>
    </ClInclude>
    <ClInclude Include="..\Common\dialogs_tool\ParamDlg.hpp">
      <Filter>dialogs_tool</Filter>
    </ClInclude>
    <ClInclude Include="..\Common\dialogs_tool\ParamDlg.h">
      <Filter>dialogs_tool</Filter>
    </ClInclude>
    <ClInclude Include="..\Common\window_tool\Pass.h">
      <Filter>Common\window_tool</Filter>
    </ClInclude>
    <ClInclude Include="..\resource.h">
      <Filter>Source</Filter>
    </ClInclude>
    <ClInclude Include="Windows\Viewers\ResultViewer.h">
      <Filter>Windows\Viewers</Filter>
    </ClInclude>
    <ClInclude Include="App\SelectHandler.h">
      <Filter>App</Filter>
    </ClInclude>
    <ClInclude Include="..\Common\window_tool\SelectTypeSizeList.h">
      <Filter>Common\window_tool</Filter>
    </ClInclude>
    <ClInclude Include="stdafx.h">
      <Filter>Source</Filter>
    </ClInclude>
    <ClInclude Include="..\Common\Base\tables.hpp">
      <Filter>Base</Filter>
    </ClInclude>
    <ClInclude Include="..\Common\Base\TablesDefine.h">
      <Filter>Base</Filter>
    </ClInclude>
    <ClInclude Include="targetver.h">
      <Filter>Source</Filter>
    </ClInclude>
    <ClInclude Include="..\Common\templates\templates.hpp">
      <Filter>Common\templates</Filter>
    </ClInclude>
    <ClInclude Include="Windows\Viewers\ThickViewer.h">
      <Filter>Windows\Viewers</Filter>
    </ClInclude>
    <ClInclude Include="Windows\TopLabel\TopLabelViewer.h">
      <Filter>Windows\TopLabel</Filter>
    </ClInclude>
    <ClInclude Include="..\Common\templates\typelist.hpp">
      <Filter>Common\templates</Filter>
    </ClInclude>
    <ClInclude Include="Windows\Viewers\Viewer.h">
      <Filter>Windows\Viewers</Filter>
    </ClInclude>
    <ClInclude Include="..\Common\templates\WindowsEventTemplate.hpp">
      <Filter>Common\templates</Filter>
    </ClInclude>
  </ItemGroup>
  <ItemGroup>
    <None Include="..\Common\Resource\arrow_down.bmp">
      <Filter>Common\Resource</Filter>
    </None>
    <None Include="..\Common\Resource\arrow_left.bmp">
      <Filter>Common\Resource</Filter>
    </None>
    <None Include="..\Common\Resource\arrow_right.bmp">
      <Filter>Common\Resource</Filter>
    </None>
    <None Include="..\Common\Resource\arrow_up.bmp">
      <Filter>Common\Resource</Filter>
    </None>
    <None Include="..\Common\Resource\BottomArr.bmp">
      <Filter>Common\Resource</Filter>
    </None>
    <None Include="..\Common\Resource\clamp.bmp">
      <Filter>Common\Resource</Filter>
    </None>
    <None Include="..\Common\Resource\Clamp1OnBtn.bmp">
      <Filter>Common\Resource</Filter>
    </None>
    <None Include="..\Common\Resource\Clamp2OnBtn.bmp">
      <Filter>Common\Resource</Filter>
    </None>
    <None Include="..\Common\Resource\continue.bmp">
      <Filter>Common\Resource</Filter>
    </None>
    <None Include="..\Common\Resource\CycleBtn.bmp">
      <Filter>Common\Resource</Filter>
    </None>
    <None Include="..\Common\Resource\DownArrow.bmp">
      <Filter>Common\Resource</Filter>
    </None>
    <None Include="..\Common\Resource\ExitTubeBtn.bmp">
      <Filter>Common\Resource</Filter>
    </None>
    <None Include="..\Common\Resource\LeftArr.bmp">
      <Filter>Common\Resource</Filter>
    </None>
    <None Include="..\Common\Resource\LeftArrow.bmp">
      <Filter>Common\Resource</Filter>
    </None>
    <None Include="..\Common\Resource\MashBtn.bmp">
      <Filter>Common\Resource</Filter>
    </None>
    <None Include="..\Common\Resource\open_file.bmp">
      <Filter>Common\Resource</Filter>
    </None>
    <None Include="..\Common\Resource\OptionsBtn.bmp">
      <Filter>Common\Resource</Filter>
    </None>
    <None Include="..\Common\Resource\QueryBtn.bmp">
      <Filter>Common\Resource</Filter>
    </None>
    <None Include="..\Common\Resource\RefreshBtn.bmp">
      <Filter>Common\Resource</Filter>
    </None>
    <None Include="..\Common\Resource\POSTITL.ICO">
      <Filter>Common\Resource</Filter>
    </None>
    <None Include="..\Common\Resource\ResetBtn.bmp">
      <Filter>Common\Resource</Filter>
    </None>
    <None Include="..\Common\Resource\RightArr.bmp">
      <Filter>Common\Resource</Filter>
    </None>
    <None Include="..\Common\Resource\save_as.bmp">
      <Filter>Common\Resource</Filter>
    </None>
    <None Include="..\Common\Resource\RightArrow.bmp">
      <Filter>Common\Resource</Filter>
    </None>
    <None Include="..\Common\Resource\SensorsUnit.bmp">
      <Filter>Common\Resource</Filter>
    </None>
    <None Include="..\Common\Resource\sep.bmp">
      <Filter>Common\Resource</Filter>
    </None>
    <None Include="..\Common\Resource\TopArr.bmp">
      <Filter>Common\Resource</Filter>
    </None>
    <None Include="..\Common\Resource\UpArrow.bmp">
      <Filter>Common\Resource</Filter>
    </None>
    <None Include="..\Common\Resource\upload.avi">
      <Filter>Common\Resource</Filter>
    </None>
    <None Include="..\Common\Resource\upload.ico">
      <Filter>Common\Resource</Filter>
    </None>
    <None Include="..\Common\Resource\settings.ico">
      <Filter>Common\Resource</Filter>
    </None>
  </ItemGroup>
  <ItemGroup>
    <Filter Include="App">
      <UniqueIdentifier>{2a9dcec8-0f7a-418a-9b24-25e24613eb09}</UniqueIdentifier>
    </Filter>
    <Filter Include="Base">
      <UniqueIdentifier>{75534a4f-af4a-4f4b-9c92-e64550b5a3aa}</UniqueIdentifier>
    </Filter>
    <Filter Include="Windows">
      <UniqueIdentifier>{a383b9c2-3a81-4a85-bb0c-df23803abb52}</UniqueIdentifier>
    </Filter>
    <Filter Include="Windows\Dialogs">
      <UniqueIdentifier>{ab0d868f-5115-4976-a374-b2590958fac8}</UniqueIdentifier>
    </Filter>
    <Filter Include="Windows\Viewers">
      <UniqueIdentifier>{f00ea40e-1e33-4dab-b775-4b047c3b7a71}</UniqueIdentifier>
    </Filter>
    <Filter Include="dialogs_tool">
      <UniqueIdentifier>{84805be0-1451-4a65-a1b5-aafbaace00cc}</UniqueIdentifier>
    </Filter>
    <Filter Include="Source">
      <UniqueIdentifier>{36180edd-a19c-4b88-aae6-3895e34f7857}</UniqueIdentifier>
    </Filter>
    <Filter Include="Windows\MainWindow">
      <UniqueIdentifier>{94cdac15-b312-4301-9c98-bd8ea30e1ef5}</UniqueIdentifier>
    </Filter>
    <Filter Include="Windows\TopLabel">
      <UniqueIdentifier>{f87f98d4-2589-469e-a00d-e16655491c84}</UniqueIdentifier>
    </Filter>
    <Filter Include="Common">
      <UniqueIdentifier>{29106e0e-d8f6-407d-8e59-76b9ae14753d}</UniqueIdentifier>
    </Filter>
    <Filter Include="Common\Graphics">
      <UniqueIdentifier>{ee0ebe68-f5c2-48f2-91b3-7fbd6a36443f}</UniqueIdentifier>
    </Filter>
    <Filter Include="Common\templates">
      <UniqueIdentifier>{ae99358f-bd4e-4e5c-8560-6171bc20c984}</UniqueIdentifier>
    </Filter>
    <Filter Include="Common\tools_debug">
      <UniqueIdentifier>{46d0ea1f-7f5f-4305-bedc-e8138038272e}</UniqueIdentifier>
    </Filter>
    <Filter Include="Common\window_tool">
      <UniqueIdentifier>{639a6377-2028-40da-ae10-04640ca921bf}</UniqueIdentifier>
    </Filter>
    <Filter Include="Common\Resource">
      <UniqueIdentifier>{94c1515e-850d-4e36-8169-199668d0550d}</UniqueIdentifier>
    </Filter>
  </ItemGroup>
  <ItemGroup>
    <ResourceCompile Include="rc.rc">
      <Filter>Common\Resource</Filter>
    </ResourceCompile>
  </ItemGroup>
</Project>