<?xml version="1.0" encoding="utf-8"?>
<Project ToolsVersion="4.0" xmlns="http://schemas.microsoft.com/developer/msbuild/2003">
  <ItemGroup>
    <Filter Include="Source Files">
      <UniqueIdentifier>{4FC737F1-C7A5-4376-A066-2A32D752A2FF}</UniqueIdentifier>
      <Extensions>cpp;c;cc;cxx;def;odl;idl;hpj;bat;asm;asmx</Extensions>
    </Filter>
    <Filter Include="Header Files">
      <UniqueIdentifier>{93995380-89BD-4b04-88EB-625FBE52EBFB}</UniqueIdentifier>
      <Extensions>h;hpp;hxx;hm;inl;inc;xsd</Extensions>
    </Filter>
    <Filter Include="Resource Files">
      <UniqueIdentifier>{67DA6AB6-F800-4c08-8B7A-83BB121AAD01}</UniqueIdentifier>
      <Extensions>rc;ico;cur;bmp;dlg;rc2;rct;bin;rgs;gif;jpg;jpeg;jpe;resx;tiff;tif;png;wav;mfcribbon-ms</Extensions>
    </Filter>
    <Filter Include="Communication">
      <UniqueIdentifier>{040bf1c3-f0a0-4fa8-a7a5-e7ab65eefe2c}</UniqueIdentifier>
    </Filter>
    <Filter Include="Communication\SendArray">
      <UniqueIdentifier>{557898ba-1b6f-4e73-86a8-18fb5a5e346e}</UniqueIdentifier>
    </Filter>
    <Filter Include="Communication\StopSycle">
      <UniqueIdentifier>{1fa5da84-b805-4600-b7e5-4d14131d865d}</UniqueIdentifier>
    </Filter>
    <Filter Include="Communication\Strobes">
      <UniqueIdentifier>{c15b44e9-e671-42db-93ed-e1dca09453d4}</UniqueIdentifier>
    </Filter>
    <Filter Include="Communication\Thickness">
      <UniqueIdentifier>{64b5985d-39d4-4aff-9ac3-1ea8d5d7402c}</UniqueIdentifier>
    </Filter>
    <Filter Include="Communication\TypeSize">
      <UniqueIdentifier>{21f61aa7-5694-4a4a-a3ed-7d89c77fda6d}</UniqueIdentifier>
    </Filter>
    <Filter Include="Common">
      <UniqueIdentifier>{9675856c-cac4-4dd2-90e4-b25489c4f20c}</UniqueIdentifier>
    </Filter>
    <Filter Include="Common\tools_debug">
      <UniqueIdentifier>{53bbe2b5-d21e-4e74-8cad-1e5370a96be2}</UniqueIdentifier>
    </Filter>
    <Filter Include="Common\Net">
      <UniqueIdentifier>{09e814fb-59d4-4e3c-9e90-325ddaf3c7b7}</UniqueIdentifier>
    </Filter>
    <Filter Include="Common\templates">
      <UniqueIdentifier>{cde0bbab-0083-4ca9-8288-295d56d69d4a}</UniqueIdentifier>
    </Filter>
  </ItemGroup>
  <ItemGroup>
    <None Include="ReadMe.txt" />
  </ItemGroup>
  <ItemGroup>
    <ClInclude Include="stdafx.h">
      <Filter>Header Files</Filter>
    </ClInclude>
    <ClInclude Include="targetver.h">
      <Filter>Header Files</Filter>
    </ClInclude>
    <ClInclude Include="..\Communication\IPprotocolProcedureList.hpp">
      <Filter>Communication</Filter>
    </ClInclude>
    <ClInclude Include="..\Communication\SendArray\ThickArray.h">
      <Filter>Communication\SendArray</Filter>
    </ClInclude>
    <ClInclude Include="..\Communication\StopCycle\StopCycleProtocol.h">
      <Filter>Communication\StopSycle</Filter>
    </ClInclude>
    <ClInclude Include="..\Communication\Strobes\StrobesProtocol.h">
      <Filter>Communication\Strobes</Filter>
    </ClInclude>
    <ClInclude Include="..\Communication\Thickness\ThicknessProtocol.h">
      <Filter>Communication\Thickness</Filter>
    </ClInclude>
    <ClInclude Include="..\Communication\TypeSize\TypeSizeProtocol.h">
      <Filter>Communication\TypeSize</Filter>
    </ClInclude>
    <ClInclude Include="..\Common\tools_debug\DebugMess.h">
      <Filter>Common\tools_debug</Filter>
    </ClInclude>
    <ClInclude Include="..\Common\Net\AsyncServer.h">
      <Filter>Common\Net</Filter>
    </ClInclude>
    <ClInclude Include="..\Common\Net\CommonTCP.h">
      <Filter>Common\Net</Filter>
    </ClInclude>
    <ClInclude Include="..\Common\Net\Frame.h">
      <Filter>Common\Net</Filter>
    </ClInclude>
    <ClInclude Include="..\Common\Net\GetHostByName.h">
      <Filter>Common\Net</Filter>
    </ClInclude>
    <ClInclude Include="..\Common\Net\InitTcp.h">
      <Filter>Common\Net</Filter>
    </ClInclude>
    <ClInclude Include="..\Common\Net\NetClient.h">
      <Filter>Common\Net</Filter>
    </ClInclude>
    <ClInclude Include="..\Common\Net\NetFrame.h">
      <Filter>Common\Net</Filter>
    </ClInclude>
    <ClInclude Include="..\Common\Net\SendArray.hpp">
      <Filter>Common\Net</Filter>
    </ClInclude>
    <ClInclude Include="..\Common\Net\ServerHandler.h">
      <Filter>Common\Net</Filter>
    </ClInclude>
    <ClInclude Include="..\Common\templates\templates.hpp">
      <Filter>Common\templates</Filter>
    </ClInclude>
    <ClInclude Include="..\Common\templates\typelist.hpp">
      <Filter>Common\templates</Filter>
    </ClInclude>
    <ClInclude Include="..\Common\templates\WindowsEventTemplate.hpp">
      <Filter>Common\templates</Filter>
    </ClInclude>
  </ItemGroup>
  <ItemGroup>
    <ClCompile Include="stdafx.cpp">
      <Filter>Source Files</Filter>
    </ClCompile>
    <ClCompile Include="TestNet.cpp">
      <Filter>Source Files</Filter>
    </ClCompile>
    <ClCompile Include="..\Communication\SendArray\ThickArray.cpp">
      <Filter>Communication\SendArray</Filter>
    </ClCompile>
    <ClCompile Include="..\Communication\StopCycle\StopCycleProtocol.cpp">
      <Filter>Communication\StopSycle</Filter>
    </ClCompile>
    <ClCompile Include="..\Communication\Strobes\StrobesProtocol.cpp">
      <Filter>Communication\Strobes</Filter>
    </ClCompile>
    <ClCompile Include="..\Communication\Thickness\ThicknessProtocol.cpp">
      <Filter>Communication\Thickness</Filter>
    </ClCompile>
    <ClCompile Include="..\Communication\TypeSize\TypeSizeProtocol.cpp">
      <Filter>Communication\TypeSize</Filter>
    </ClCompile>
    <ClCompile Include="..\Common\tools_debug\DebugMess.cpp">
      <Filter>Common\tools_debug</Filter>
    </ClCompile>
    <ClCompile Include="..\Common\Net\AsyncServer.cpp">
      <Filter>Common\Net</Filter>
    </ClCompile>
    <ClCompile Include="..\Common\Net\CommonTCP.cpp">
      <Filter>Common\Net</Filter>
    </ClCompile>
    <ClCompile Include="..\Common\Net\Frame.cpp">
      <Filter>Common\Net</Filter>
    </ClCompile>
    <ClCompile Include="..\Common\Net\GetHostByName.cpp">
      <Filter>Common\Net</Filter>
    </ClCompile>
    <ClCompile Include="..\Common\Net\InitTcp.cpp">
      <Filter>Common\Net</Filter>
    </ClCompile>
    <ClCompile Include="..\Common\Net\NetClient.cpp">
      <Filter>Common\Net</Filter>
    </ClCompile>
    <ClCompile Include="..\Common\Net\NetFrame.cpp">
      <Filter>Common\Net</Filter>
    </ClCompile>
    <ClCompile Include="..\Common\Net\ServerHandler.cpp">
      <Filter>Common\Net</Filter>
    </ClCompile>
  </ItemGroup>
</Project>